
Microsoft Visual Studio Solution File, Format Version 12.00
# Visual Studio 2012
Project("{FAE04EC0-301F-11D3-BF4B-00C04F79EFBC}") = "ICGeneration", "ICGeneration\ICGeneration.csproj", "{023E7995-2DD4-46BC-A92D-02C177B8DD81}"
EndProject
Global
	GlobalSection(SolutionConfigurationPlatforms) = preSolution
		Debug|x86 = Debug|x86
		Release|x86 = Release|x86
	EndGlobalSection
	GlobalSection(ProjectConfigurationPlatforms) = postSolution
		{023E7995-2DD4-46BC-A92D-02C177B8DD81}.Debug|x86.ActiveCfg = Debug|x86
		{023E7995-2DD4-46BC-A92D-02C177B8DD81}.Debug|x86.Build.0 = Debug|x86
		{023E7995-2DD4-46BC-A92D-02C177B8DD81}.Release|x86.ActiveCfg = Release|x86
		{023E7995-2DD4-46BC-A92D-02C177B8DD81}.Release|x86.Build.0 = Release|x86
	EndGlobalSection
EndGlobal
