
Microsoft Visual Studio Solution File, Format Version 12.00
# Visual Studio 2012
Project("{FAE04EC0-301F-11D3-BF4B-00C04F79EFBC}") = "IGGen", "IGGen\IGGen.csproj", "{9602688C-F382-4631-B7E2-3CECB8150EBF}"
EndProject
Global
	GlobalSection(SolutionConfigurationPlatforms) = preSolution
		Debug|x86 = Debug|x86
		Release|x86 = Release|x86
	EndGlobalSection
	GlobalSection(ProjectConfigurationPlatforms) = postSolution
		{9602688C-F382-4631-B7E2-3CECB8150EBF}.Debug|x86.ActiveCfg = Debug|x86
		{9602688C-F382-4631-B7E2-3CECB8150EBF}.Debug|x86.Build.0 = Debug|x86
		{9602688C-F382-4631-B7E2-3CECB8150EBF}.Release|x86.ActiveCfg = Release|x86
		{9602688C-F382-4631-B7E2-3CECB8150EBF}.Release|x86.Build.0 = Release|x86
	EndGlobalSection
EndGlobal
